
Microsoft Visual Studio Solution File, Format Version 12.00
# Visual Studio Version 17
VisualStudioVersion = 17.3.32929.385
MinimumVisualStudioVersion = 10.0.40219.1
Project("{FAE04EC0-301F-11D3-BF4B-00C04F79EFBC}") = "Ank9MVCTemplateGiydirme", "Ank9MVCTemplateGiydirme\Ank9MVCTemplateGiydirme.csproj", "{10920F51-31F1-4AF2-886C-8C71479831F4}"
EndProject
Global
	GlobalSection(SolutionConfigurationPlatforms) = preSolution
		Debug|Any CPU = Debug|Any CPU
		Release|Any CPU = Release|Any CPU
	EndGlobalSection
	GlobalSection(ProjectConfigurationPlatforms) = postSolution
		{10920F51-31F1-4AF2-886C-8C71479831F4}.Debug|Any CPU.ActiveCfg = Debug|Any CPU
		{10920F51-31F1-4AF2-886C-8C71479831F4}.Debug|Any CPU.Build.0 = Debug|Any CPU
		{10920F51-31F1-4AF2-886C-8C71479831F4}.Release|Any CPU.ActiveCfg = Release|Any CPU
		{10920F51-31F1-4AF2-886C-8C71479831F4}.Release|Any CPU.Build.0 = Release|Any CPU
	EndGlobalSection
	GlobalSection(SolutionProperties) = preSolution
		HideSolutionNode = FALSE
	EndGlobalSection
	GlobalSection(ExtensibilityGlobals) = postSolution
		SolutionGuid = {56B3E247-3E64-4B8D-BA84-C26AFE85359A}
	EndGlobalSection
EndGlobal
